
Microsoft Visual Studio Solution File, Format Version 12.00
# Visual Studio Version 16
VisualStudioVersion = 16.0.30204.135
MinimumVisualStudioVersion = 10.0.40219.1
Project("{FAE04EC0-301F-11D3-BF4B-00C04F79EFBC}") = "TwilioVideoServerApp", "TwilioVideoServerApp\TwilioVideoServerApp.csproj", "{D2D2947F-43DE-475F-B781-DD880A9D109F}"
EndProject
Global
	GlobalSection(SolutionConfigurationPlatforms) = preSolution
		Debug|Any CPU = Debug|Any CPU
		Release|Any CPU = Release|Any CPU
	EndGlobalSection
	GlobalSection(ProjectConfigurationPlatforms) = postSolution
		{D2D2947F-43DE-475F-B781-DD880A9D109F}.Debug|Any CPU.ActiveCfg = Debug|Any CPU
		{D2D2947F-43DE-475F-B781-DD880A9D109F}.Debug|Any CPU.Build.0 = Debug|Any CPU
		{D2D2947F-43DE-475F-B781-DD880A9D109F}.Release|Any CPU.ActiveCfg = Release|Any CPU
		{D2D2947F-43DE-475F-B781-DD880A9D109F}.Release|Any CPU.Build.0 = Release|Any CPU
	EndGlobalSection
	GlobalSection(SolutionProperties) = preSolution
		HideSolutionNode = FALSE
	EndGlobalSection
	GlobalSection(ExtensibilityGlobals) = postSolution
		SolutionGuid = {327C0163-02E3-4935-A483-5FFC6126AB4C}
	EndGlobalSection
EndGlobal
